// !$*UTF8*$!
{
	archiveVersion = 1;
	classes = {
	};
	objectVersion = 55;
	objects = {

/* Begin PBXBuildFile section */
		2C6849D52A0BC99D00B74E1B /* AppDelegate.swift in Sources */ = {isa = PBXBuildFile; fileRef = 2C6849D42A0BC99D00B74E1B /* AppDelegate.swift */; };
		2C6849D72A0BC99D00B74E1B /* SceneDelegate.swift in Sources */ = {isa = PBXBuildFile; fileRef = 2C6849D62A0BC99D00B74E1B /* SceneDelegate.swift */; };
		2C6849D92A0BC99D00B74E1B /* HomeViewController.swift in Sources */ = {isa = PBXBuildFile; fileRef = 2C6849D82A0BC99D00B74E1B /* HomeViewController.swift */; };
		2C6849DE2A0BC9A000B74E1B /* Assets.xcassets in Resources */ = {isa = PBXBuildFile; fileRef = 2C6849DD2A0BC9A000B74E1B /* Assets.xcassets */; };
		2C6849E12A0BC9A000B74E1B /* LaunchScreen.storyboard in Resources */ = {isa = PBXBuildFile; fileRef = 2C6849DF2A0BC9A000B74E1B /* LaunchScreen.storyboard */; };
		2C6849EC2A0BC9A000B74E1B /* FoodOrderTests.swift in Sources */ = {isa = PBXBuildFile; fileRef = 2C6849EB2A0BC9A000B74E1B /* FoodOrderTests.swift */; };
		2C684A062A0BCD9300B74E1B /* Order.swift in Sources */ = {isa = PBXBuildFile; fileRef = 2C684A052A0BCD9200B74E1B /* Order.swift */; };
		2C684A082A0BCE0300B74E1B /* OrderViewModel.swift in Sources */ = {isa = PBXBuildFile; fileRef = 2C684A072A0BCE0300B74E1B /* OrderViewModel.swift */; };
		2C684A0E2A0BE8A100B74E1B /* Extensions.swift in Sources */ = {isa = PBXBuildFile; fileRef = 2C684A0D2A0BE8A100B74E1B /* Extensions.swift */; };
		2C684A102A0D13F300B74E1B /* OrderDetailViewController.swift in Sources */ = {isa = PBXBuildFile; fileRef = 2C684A0F2A0D13F300B74E1B /* OrderDetailViewController.swift */; };
		2C684A122A0E139000B74E1B /* ErrorState.swift in Sources */ = {isa = PBXBuildFile; fileRef = 2C684A112A0E139000B74E1B /* ErrorState.swift */; };
		2C684A142A0E401F00B74E1B /* ArchivedOrdersViewController.swift in Sources */ = {isa = PBXBuildFile; fileRef = 2C684A132A0E401F00B74E1B /* ArchivedOrdersViewController.swift */; };
/* End PBXBuildFile section */

/* Begin PBXContainerItemProxy section */
		2C6849E82A0BC9A000B74E1B /* PBXContainerItemProxy */ = {
			isa = PBXContainerItemProxy;
			containerPortal = 2C6849C92A0BC99D00B74E1B /* Project object */;
			proxyType = 1;
			remoteGlobalIDString = 2C6849D02A0BC99D00B74E1B;
			remoteInfo = FoodOrder;
		};
/* End PBXContainerItemProxy section */

/* Begin PBXFileReference section */
		2C6849D12A0BC99D00B74E1B /* FoodOrder.app */ = {isa = PBXFileReference; explicitFileType = wrapper.application; includeInIndex = 0; path = FoodOrder.app; sourceTree = BUILT_PRODUCTS_DIR; };
		2C6849D42A0BC99D00B74E1B /* AppDelegate.swift */ = {isa = PBXFileReference; lastKnownFileType = sourcecode.swift; path = AppDelegate.swift; sourceTree = "<group>"; };
		2C6849D62A0BC99D00B74E1B /* SceneDelegate.swift */ = {isa = PBXFileReference; lastKnownFileType = sourcecode.swift; path = SceneDelegate.swift; sourceTree = "<group>"; };
		2C6849D82A0BC99D00B74E1B /* HomeViewController.swift */ = {isa = PBXFileReference; lastKnownFileType = sourcecode.swift; path = HomeViewController.swift; sourceTree = "<group>"; };
		2C6849DD2A0BC9A000B74E1B /* Assets.xcassets */ = {isa = PBXFileReference; lastKnownFileType = folder.assetcatalog; path = Assets.xcassets; sourceTree = "<group>"; };
		2C6849E02A0BC9A000B74E1B /* Base */ = {isa = PBXFileReference; lastKnownFileType = file.storyboard; name = Base; path = Base.lproj/LaunchScreen.storyboard; sourceTree = "<group>"; };
		2C6849E22A0BC9A000B74E1B /* Info.plist */ = {isa = PBXFileReference; lastKnownFileType = text.plist.xml; path = Info.plist; sourceTree = "<group>"; };
		2C6849E72A0BC9A000B74E1B /* FoodOrderTests.xctest */ = {isa = PBXFileReference; explicitFileType = wrapper.cfbundle; includeInIndex = 0; path = FoodOrderTests.xctest; sourceTree = BUILT_PRODUCTS_DIR; };
		2C6849EB2A0BC9A000B74E1B /* FoodOrderTests.swift */ = {isa = PBXFileReference; lastKnownFileType = sourcecode.swift; path = FoodOrderTests.swift; sourceTree = "<group>"; };
		2C684A052A0BCD9200B74E1B /* Order.swift */ = {isa = PBXFileReference; lastKnownFileType = sourcecode.swift; path = Order.swift; sourceTree = "<group>"; };
		2C684A072A0BCE0300B74E1B /* OrderViewModel.swift */ = {isa = PBXFileReference; lastKnownFileType = sourcecode.swift; path = OrderViewModel.swift; sourceTree = "<group>"; };
		2C684A0D2A0BE8A100B74E1B /* Extensions.swift */ = {isa = PBXFileReference; lastKnownFileType = sourcecode.swift; path = Extensions.swift; sourceTree = "<group>"; };
		2C684A0F2A0D13F300B74E1B /* OrderDetailViewController.swift */ = {isa = PBXFileReference; lastKnownFileType = sourcecode.swift; path = OrderDetailViewController.swift; sourceTree = "<group>"; };
		2C684A112A0E139000B74E1B /* ErrorState.swift */ = {isa = PBXFileReference; lastKnownFileType = sourcecode.swift; path = ErrorState.swift; sourceTree = "<group>"; };
		2C684A132A0E401F00B74E1B /* ArchivedOrdersViewController.swift */ = {isa = PBXFileReference; lastKnownFileType = sourcecode.swift; path = ArchivedOrdersViewController.swift; sourceTree = "<group>"; };
/* End PBXFileReference section */

/* Begin PBXFrameworksBuildPhase section */
		2C6849CE2A0BC99D00B74E1B /* Frameworks */ = {
			isa = PBXFrameworksBuildPhase;
			buildActionMask = 2147483647;
			files = (
			);
			runOnlyForDeploymentPostprocessing = 0;
		};
		2C6849E42A0BC9A000B74E1B /* Frameworks */ = {
			isa = PBXFrameworksBuildPhase;
			buildActionMask = 2147483647;
			files = (
			);
			runOnlyForDeploymentPostprocessing = 0;
		};
/* End PBXFrameworksBuildPhase section */

/* Begin PBXGroup section */
		2C6849C82A0BC99D00B74E1B = {
			isa = PBXGroup;
			children = (
				2C6849D32A0BC99D00B74E1B /* FoodOrder */,
				2C6849EA2A0BC9A000B74E1B /* FoodOrderTests */,
				2C6849D22A0BC99D00B74E1B /* Products */,
			);
			sourceTree = "<group>";
		};
		2C6849D22A0BC99D00B74E1B /* Products */ = {
			isa = PBXGroup;
			children = (
				2C6849D12A0BC99D00B74E1B /* FoodOrder.app */,
				2C6849E72A0BC9A000B74E1B /* FoodOrderTests.xctest */,
			);
			name = Products;
			sourceTree = "<group>";
		};
		2C6849D32A0BC99D00B74E1B /* FoodOrder */ = {
			isa = PBXGroup;
			children = (
				2C684A0C2A0BE89500B74E1B /* Helpers */,
				2C684A042A0BCD8000B74E1B /* Model */,
				2C684A092A0BCE9400B74E1B /* ViewModel */,
				2C684A152A10AD5500B74E1B /* Controllers */,
				2C6849D42A0BC99D00B74E1B /* AppDelegate.swift */,
				2C6849D62A0BC99D00B74E1B /* SceneDelegate.swift */,
				2C6849DD2A0BC9A000B74E1B /* Assets.xcassets */,
				2C6849DF2A0BC9A000B74E1B /* LaunchScreen.storyboard */,
				2C6849E22A0BC9A000B74E1B /* Info.plist */,
			);
			path = FoodOrder;
			sourceTree = "<group>";
		};
		2C6849EA2A0BC9A000B74E1B /* FoodOrderTests */ = {
			isa = PBXGroup;
			children = (
				2C6849EB2A0BC9A000B74E1B /* FoodOrderTests.swift */,
			);
			path = FoodOrderTests;
			sourceTree = "<group>";
		};
		2C684A042A0BCD8000B74E1B /* Model */ = {
			isa = PBXGroup;
			children = (
				2C684A052A0BCD9200B74E1B /* Order.swift */,
				2C684A112A0E139000B74E1B /* ErrorState.swift */,
			);
			path = Model;
			sourceTree = "<group>";
		};
		2C684A092A0BCE9400B74E1B /* ViewModel */ = {
			isa = PBXGroup;
			children = (
				2C684A072A0BCE0300B74E1B /* OrderViewModel.swift */,
			);
			path = ViewModel;
			sourceTree = "<group>";
		};
		2C684A0C2A0BE89500B74E1B /* Helpers */ = {
			isa = PBXGroup;
			children = (
				2C684A0D2A0BE8A100B74E1B /* Extensions.swift */,
			);
			path = Helpers;
			sourceTree = "<group>";
		};
		2C684A152A10AD5500B74E1B /* Controllers */ = {
			isa = PBXGroup;
			children = (
				2C6849D82A0BC99D00B74E1B /* HomeViewController.swift */,
				2C684A0F2A0D13F300B74E1B /* OrderDetailViewController.swift */,
				2C684A132A0E401F00B74E1B /* ArchivedOrdersViewController.swift */,
			);
			path = Controllers;
			sourceTree = "<group>";
		};
/* End PBXGroup section */

/* Begin PBXNativeTarget section */
		2C6849D02A0BC99D00B74E1B /* FoodOrder */ = {
			isa = PBXNativeTarget;
			buildConfigurationList = 2C6849FB2A0BC9A100B74E1B /* Build configuration list for PBXNativeTarget "FoodOrder" */;
			buildPhases = (
				2C6849CD2A0BC99D00B74E1B /* Sources */,
				2C6849CE2A0BC99D00B74E1B /* Frameworks */,
				2C6849CF2A0BC99D00B74E1B /* Resources */,
			);
			buildRules = (
			);
			dependencies = (
			);
			name = FoodOrder;
			productName = FoodOrder;
			productReference = 2C6849D12A0BC99D00B74E1B /* FoodOrder.app */;
			productType = "com.apple.product-type.application";
		};
		2C6849E62A0BC9A000B74E1B /* FoodOrderTests */ = {
			isa = PBXNativeTarget;
			buildConfigurationList = 2C6849FE2A0BC9A100B74E1B /* Build configuration list for PBXNativeTarget "FoodOrderTests" */;
			buildPhases = (
				2C6849E32A0BC9A000B74E1B /* Sources */,
				2C6849E42A0BC9A000B74E1B /* Frameworks */,
				2C6849E52A0BC9A000B74E1B /* Resources */,
			);
			buildRules = (
			);
			dependencies = (
				2C6849E92A0BC9A000B74E1B /* PBXTargetDependency */,
			);
			name = FoodOrderTests;
			productName = FoodOrderTests;
			productReference = 2C6849E72A0BC9A000B74E1B /* FoodOrderTests.xctest */;
			productType = "com.apple.product-type.bundle.unit-test";
		};
/* End PBXNativeTarget section */

/* Begin PBXProject section */
		2C6849C92A0BC99D00B74E1B /* Project object */ = {
			isa = PBXProject;
			attributes = {
				BuildIndependentTargetsInParallel = 1;
				LastSwiftUpdateCheck = 1340;
				LastUpgradeCheck = 1340;
				TargetAttributes = {
					2C6849D02A0BC99D00B74E1B = {
						CreatedOnToolsVersion = 13.4;
					};
					2C6849E62A0BC9A000B74E1B = {
						CreatedOnToolsVersion = 13.4;
						TestTargetID = 2C6849D02A0BC99D00B74E1B;
					};
				};
			};
			buildConfigurationList = 2C6849CC2A0BC99D00B74E1B /* Build configuration list for PBXProject "FoodOrder" */;
			compatibilityVersion = "Xcode 13.0";
			developmentRegion = en;
			hasScannedForEncodings = 0;
			knownRegions = (
				en,
				Base,
			);
			mainGroup = 2C6849C82A0BC99D00B74E1B;
			productRefGroup = 2C6849D22A0BC99D00B74E1B /* Products */;
			projectDirPath = "";
			projectRoot = "";
			targets = (
				2C6849D02A0BC99D00B74E1B /* FoodOrder */,
				2C6849E62A0BC9A000B74E1B /* FoodOrderTests */,
			);
		};
/* End PBXProject section */

/* Begin PBXResourcesBuildPhase section */
		2C6849CF2A0BC99D00B74E1B /* Resources */ = {
			isa = PBXResourcesBuildPhase;
			buildActionMask = 2147483647;
			files = (
				2C6849E12A0BC9A000B74E1B /* LaunchScreen.storyboard in Resources */,
				2C6849DE2A0BC9A000B74E1B /* Assets.xcassets in Resources */,
			);
			runOnlyForDeploymentPostprocessing = 0;
		};
		2C6849E52A0BC9A000B74E1B /* Resources */ = {
			isa = PBXResourcesBuildPhase;
			buildActionMask = 2147483647;
			files = (
			);
			runOnlyForDeploymentPostprocessing = 0;
		};
/* End PBXResourcesBuildPhase section */

/* Begin PBXSourcesBuildPhase section */
		2C6849CD2A0BC99D00B74E1B /* Sources */ = {
			isa = PBXSourcesBuildPhase;
			buildActionMask = 2147483647;
			files = (
				2C684A102A0D13F300B74E1B /* OrderDetailViewController.swift in Sources */,
				2C6849D92A0BC99D00B74E1B /* HomeViewController.swift in Sources */,
				2C6849D52A0BC99D00B74E1B /* AppDelegate.swift in Sources */,
				2C684A142A0E401F00B74E1B /* ArchivedOrdersViewController.swift in Sources */,
				2C684A122A0E139000B74E1B /* ErrorState.swift in Sources */,
				2C684A062A0BCD9300B74E1B /* Order.swift in Sources */,
				2C6849D72A0BC99D00B74E1B /* SceneDelegate.swift in Sources */,
				2C684A082A0BCE0300B74E1B /* OrderViewModel.swift in Sources */,
				2C684A0E2A0BE8A100B74E1B /* Extensions.swift in Sources */,
			);
			runOnlyForDeploymentPostprocessing = 0;
		};
		2C6849E32A0BC9A000B74E1B /* Sources */ = {
			isa = PBXSourcesBuildPhase;
			buildActionMask = 2147483647;
			files = (
				2C6849EC2A0BC9A000B74E1B /* FoodOrderTests.swift in Sources */,
			);
			runOnlyForDeploymentPostprocessing = 0;
		};
/* End PBXSourcesBuildPhase section */

/* Begin PBXTargetDependency section */
		2C6849E92A0BC9A000B74E1B /* PBXTargetDependency */ = {
			isa = PBXTargetDependency;
			target = 2C6849D02A0BC99D00B74E1B /* FoodOrder */;
			targetProxy = 2C6849E82A0BC9A000B74E1B /* PBXContainerItemProxy */;
		};
/* End PBXTargetDependency section */

/* Begin PBXVariantGroup section */
		2C6849DF2A0BC9A000B74E1B /* LaunchScreen.storyboard */ = {
			isa = PBXVariantGroup;
			children = (
				2C6849E02A0BC9A000B74E1B /* Base */,
			);
			name = LaunchScreen.storyboard;
			sourceTree = "<group>";
		};
/* End PBXVariantGroup section */

/* Begin XCBuildConfiguration section */
		2C6849F92A0BC9A100B74E1B /* Debug */ = {
			isa = XCBuildConfiguration;
			buildSettings = {
				ALWAYS_SEARCH_USER_PATHS = NO;
				CLANG_ANALYZER_NONNULL = YES;
				CLANG_ANALYZER_NUMBER_OBJECT_CONVERSION = YES_AGGRESSIVE;
				CLANG_CXX_LANGUAGE_STANDARD = "gnu++17";
				CLANG_ENABLE_MODULES = YES;
				CLANG_ENABLE_OBJC_ARC = YES;
				CLANG_ENABLE_OBJC_WEAK = YES;
				CLANG_WARN_BLOCK_CAPTURE_AUTORELEASING = YES;
				CLANG_WARN_BOOL_CONVERSION = YES;
				CLANG_WARN_COMMA = YES;
				CLANG_WARN_CONSTANT_CONVERSION = YES;
				CLANG_WARN_DEPRECATED_OBJC_IMPLEMENTATIONS = YES;
				CLANG_WARN_DIRECT_OBJC_ISA_USAGE = YES_ERROR;
				CLANG_WARN_DOCUMENTATION_COMMENTS = YES;
				CLANG_WARN_EMPTY_BODY = YES;
				CLANG_WARN_ENUM_CONVERSION = YES;
				CLANG_WARN_INFINITE_RECURSION = YES;
				CLANG_WARN_INT_CONVERSION = YES;
				CLANG_WARN_NON_LITERAL_NULL_CONVERSION = YES;
				CLANG_WARN_OBJC_IMPLICIT_RETAIN_SELF = YES;
				CLANG_WARN_OBJC_LITERAL_CONVERSION = YES;
				CLANG_WARN_OBJC_ROOT_CLASS = YES_ERROR;
				CLANG_WARN_QUOTED_INCLUDE_IN_FRAMEWORK_HEADER = YES;
				CLANG_WARN_RANGE_LOOP_ANALYSIS = YES;
				CLANG_WARN_STRICT_PROTOTYPES = YES;
				CLANG_WARN_SUSPICIOUS_MOVE = YES;
				CLANG_WARN_UNGUARDED_AVAILABILITY = YES_AGGRESSIVE;
				CLANG_WARN_UNREACHABLE_CODE = YES;
				CLANG_WARN__DUPLICATE_METHOD_MATCH = YES;
				COPY_PHASE_STRIP = NO;
				DEBUG_INFORMATION_FORMAT = dwarf;
				ENABLE_STRICT_OBJC_MSGSEND = YES;
				ENABLE_TESTABILITY = YES;
				GCC_C_LANGUAGE_STANDARD = gnu11;
				GCC_DYNAMIC_NO_PIC = NO;
				GCC_NO_COMMON_BLOCKS = YES;
				GCC_OPTIMIZATION_LEVEL = 0;
				GCC_PREPROCESSOR_DEFINITIONS = (
					"DEBUG=1",
					"$(inherited)",
				);
				GCC_WARN_64_TO_32_BIT_CONVERSION = YES;
				GCC_WARN_ABOUT_RETURN_TYPE = YES_ERROR;
				GCC_WARN_UNDECLARED_SELECTOR = YES;
				GCC_WARN_UNINITIALIZED_AUTOS = YES_AGGRESSIVE;
				GCC_WARN_UNUSED_FUNCTION = YES;
				GCC_WARN_UNUSED_VARIABLE = YES;
				IPHONEOS_DEPLOYMENT_TARGET = 15.5;
				MTL_ENABLE_DEBUG_INFO = INCLUDE_SOURCE;
				MTL_FAST_MATH = YES;
				ONLY_ACTIVE_ARCH = YES;
				SDKROOT = iphoneos;
				SWIFT_ACTIVE_COMPILATION_CONDITIONS = DEBUG;
				SWIFT_OPTIMIZATION_LEVEL = "-Onone";
			};
			name = Debug;
		};
		2C6849FA2A0BC9A100B74E1B /* Release */ = {
			isa = XCBuildConfiguration;
			buildSettings = {
				ALWAYS_SEARCH_USER_PATHS = NO;
				CLANG_ANALYZER_NONNULL = YES;
				CLANG_ANALYZER_NUMBER_OBJECT_CONVERSION = YES_AGGRESSIVE;
				CLANG_CXX_LANGUAGE_STANDARD = "gnu++17";
				CLANG_ENABLE_MODULES = YES;
				CLANG_ENABLE_OBJC_ARC = YES;
				CLANG_ENABLE_OBJC_WEAK = YES;
				CLANG_WARN_BLOCK_CAPTURE_AUTORELEASING = YES;
				CLANG_WARN_BOOL_CONVERSION = YES;
				CLANG_WARN_COMMA = YES;
				CLANG_WARN_CONSTANT_CONVERSION = YES;
				CLANG_WARN_DEPRECATED_OBJC_IMPLEMENTATIONS = YES;
				CLANG_WARN_DIRECT_OBJC_ISA_USAGE = YES_ERROR;
				CLANG_WARN_DOCUMENTATION_COMMENTS = YES;
				CLANG_WARN_EMPTY_BODY = YES;
				CLANG_WARN_ENUM_CONVERSION = YES;
				CLANG_WARN_INFINITE_RECURSION = YES;
				CLANG_WARN_INT_CONVERSION = YES;
				CLANG_WARN_NON_LITERAL_NULL_CONVERSION = YES;
				CLANG_WARN_OBJC_IMPLICIT_RETAIN_SELF = YES;
				CLANG_WARN_OBJC_LITERAL_CONVERSION = YES;
				CLANG_WARN_OBJC_ROOT_CLASS = YES_ERROR;
				CLANG_WARN_QUOTED_INCLUDE_IN_FRAMEWORK_HEADER = YES;
				CLANG_WARN_RANGE_LOOP_ANALYSIS = YES;
				CLANG_WARN_STRICT_PROTOTYPES = YES;
				CLANG_WARN_SUSPICIOUS_MOVE = YES;
				CLANG_WARN_UNGUARDED_AVAILABILITY = YES_AGGRESSIVE;
				CLANG_WARN_UNREACHABLE_CODE = YES;
				CLANG_WARN__DUPLICATE_METHOD_MATCH = YES;
				COPY_PHASE_STRIP = NO;
				DEBUG_INFORMATION_FORMAT = "dwarf-with-dsym";
				ENABLE_NS_ASSERTIONS = NO;
				ENABLE_STRICT_OBJC_MSGSEND = YES;
				GCC_C_LANGUAGE_STANDARD = gnu11;
				GCC_NO_COMMON_BLOCKS = YES;
				GCC_WARN_64_TO_32_BIT_CONVERSION = YES;
				GCC_WARN_ABOUT_RETURN_TYPE = YES_ERROR;
				GCC_WARN_UNDECLARED_SELECTOR = YES;
				GCC_WARN_UNINITIALIZED_AUTOS = YES_AGGRESSIVE;
				GCC_WARN_UNUSED_FUNCTION = YES;
				GCC_WARN_UNUSED_VARIABLE = YES;
				IPHONEOS_DEPLOYMENT_TARGET = 15.5;
				MTL_ENABLE_DEBUG_INFO = NO;
				MTL_FAST_MATH = YES;
				SDKROOT = iphoneos;
				SWIFT_COMPILATION_MODE = wholemodule;
				SWIFT_OPTIMIZATION_LEVEL = "-O";
				VALIDATE_PRODUCT = YES;
			};
			name = Release;
		};
		2C6849FC2A0BC9A100B74E1B /* Debug */ = {
			isa = XCBuildConfiguration;
			buildSettings = {
				ASSETCATALOG_COMPILER_APPICON_NAME = AppIcon;
				ASSETCATALOG_COMPILER_GLOBAL_ACCENT_COLOR_NAME = AccentColor;
				CODE_SIGN_STYLE = Automatic;
				CURRENT_PROJECT_VERSION = 1;
				DEVELOPMENT_TEAM = VJYM2URW97;
				GENERATE_INFOPLIST_FILE = YES;
				INFOPLIST_FILE = FoodOrder/Info.plist;
				INFOPLIST_KEY_UIApplicationSupportsIndirectInputEvents = YES;
				INFOPLIST_KEY_UILaunchStoryboardName = LaunchScreen;
				INFOPLIST_KEY_UISupportedInterfaceOrientations_iPad = "UIInterfaceOrientationPortrait UIInterfaceOrientationPortraitUpsideDown UIInterfaceOrientationLandscapeLeft UIInterfaceOrientationLandscapeRight";
				INFOPLIST_KEY_UISupportedInterfaceOrientations_iPhone = "UIInterfaceOrientationPortrait UIInterfaceOrientationLandscapeLeft UIInterfaceOrientationLandscapeRight";
				LD_RUNPATH_SEARCH_PATHS = (
					"$(inherited)",
					"@executable_path/Frameworks",
				);
				MARKETING_VERSION = 1.0;
				PRODUCT_BUNDLE_IDENTIFIER = Koker.FoodOrder;
				PRODUCT_NAME = "$(TARGET_NAME)";
				SWIFT_EMIT_LOC_STRINGS = YES;
				SWIFT_VERSION = 5.0;
				TARGETED_DEVICE_FAMILY = "1,2";
			};
			name = Debug;
		};
		2C6849FD2A0BC9A100B74E1B /* Release */ = {
			isa = XCBuildConfiguration;
			buildSettings = {
				ASSETCATALOG_COMPILER_APPICON_NAME = AppIcon;
				ASSETCATALOG_COMPILER_GLOBAL_ACCENT_COLOR_NAME = AccentColor;
				CODE_SIGN_STYLE = Automatic;
				CURRENT_PROJECT_VERSION = 1;
				DEVELOPMENT_TEAM = VJYM2URW97;
				GENERATE_INFOPLIST_FILE = YES;
				INFOPLIST_FILE = FoodOrder/Info.plist;
				INFOPLIST_KEY_UIApplicationSupportsIndirectInputEvents = YES;
				INFOPLIST_KEY_UILaunchStoryboardName = LaunchScreen;
				INFOPLIST_KEY_UISupportedInterfaceOrientations_iPad = "UIInterfaceOrientationPortrait UIInterfaceOrientationPortraitUpsideDown UIInterfaceOrientationLandscapeLeft UIInterfaceOrientationLandscapeRight";
				INFOPLIST_KEY_UISupportedInterfaceOrientations_iPhone = "UIInterfaceOrientationPortrait UIInterfaceOrientationLandscapeLeft UIInterfaceOrientationLandscapeRight";
				LD_RUNPATH_SEARCH_PATHS = (
					"$(inherited)",
					"@executable_path/Frameworks",
				);
				MARKETING_VERSION = 1.0;
				PRODUCT_BUNDLE_IDENTIFIER = Koker.FoodOrder;
				PRODUCT_NAME = "$(TARGET_NAME)";
				SWIFT_EMIT_LOC_STRINGS = YES;
				SWIFT_VERSION = 5.0;
				TARGETED_DEVICE_FAMILY = "1,2";
			};
			name = Release;
		};
		2C6849FF2A0BC9A100B74E1B /* Debug */ = {
			isa = XCBuildConfiguration;
			buildSettings = {
				ALWAYS_EMBED_SWIFT_STANDARD_LIBRARIES = YES;
				BUNDLE_LOADER = "$(TEST_HOST)";
				CODE_SIGN_STYLE = Automatic;
				CURRENT_PROJECT_VERSION = 1;
				DEVELOPMENT_TEAM = VJYM2URW97;
				GENERATE_INFOPLIST_FILE = YES;
				IPHONEOS_DEPLOYMENT_TARGET = 15.5;
				MARKETING_VERSION = 1.0;
				PRODUCT_BUNDLE_IDENTIFIER = Koker.FoodOrderTests;
				PRODUCT_NAME = "$(TARGET_NAME)";
				SWIFT_EMIT_LOC_STRINGS = NO;
				SWIFT_VERSION = 5.0;
				TARGETED_DEVICE_FAMILY = "1,2";
				TEST_HOST = "$(BUILT_PRODUCTS_DIR)/FoodOrder.app/FoodOrder";
			};
			name = Debug;
		};
		2C684A002A0BC9A100B74E1B /* Release */ = {
			isa = XCBuildConfiguration;
			buildSettings = {
				ALWAYS_EMBED_SWIFT_STANDARD_LIBRARIES = YES;
				BUNDLE_LOADER = "$(TEST_HOST)";
				CODE_SIGN_STYLE = Automatic;
				CURRENT_PROJECT_VERSION = 1;
				DEVELOPMENT_TEAM = VJYM2URW97;
				GENERATE_INFOPLIST_FILE = YES;
				IPHONEOS_DEPLOYMENT_TARGET = 15.5;
				MARKETING_VERSION = 1.0;
				PRODUCT_BUNDLE_IDENTIFIER = Koker.FoodOrderTests;
				PRODUCT_NAME = "$(TARGET_NAME)";
				SWIFT_EMIT_LOC_STRINGS = NO;
				SWIFT_VERSION = 5.0;
				TARGETED_DEVICE_FAMILY = "1,2";
				TEST_HOST = "$(BUILT_PRODUCTS_DIR)/FoodOrder.app/FoodOrder";
			};
			name = Release;
		};
/* End XCBuildConfiguration section */

/* Begin XCConfigurationList section */
		2C6849CC2A0BC99D00B74E1B /* Build configuration list for PBXProject "FoodOrder" */ = {
			isa = XCConfigurationList;
			buildConfigurations = (
				2C6849F92A0BC9A100B74E1B /* Debug */,
				2C6849FA2A0BC9A100B74E1B /* Release */,
			);
			defaultConfigurationIsVisible = 0;
			defaultConfigurationName = Release;
		};
		2C6849FB2A0BC9A100B74E1B /* Build configuration list for PBXNativeTarget "FoodOrder" */ = {
			isa = XCConfigurationList;
			buildConfigurations = (
				2C6849FC2A0BC9A100B74E1B /* Debug */,
				2C6849FD2A0BC9A100B74E1B /* Release */,
			);
			defaultConfigurationIsVisible = 0;
			defaultConfigurationName = Release;
		};
		2C6849FE2A0BC9A100B74E1B /* Build configuration list for PBXNativeTarget "FoodOrderTests" */ = {
			isa = XCConfigurationList;
			buildConfigurations = (
				2C6849FF2A0BC9A100B74E1B /* Debug */,
				2C684A002A0BC9A100B74E1B /* Release */,
			);
			defaultConfigurationIsVisible = 0;
			defaultConfigurationName = Release;
		};
/* End XCConfigurationList section */
	};
	rootObject = 2C6849C92A0BC99D00B74E1B /* Project object */;
}
